
Microsoft Visual Studio Solution File, Format Version 12.00
# Visual Studio Version 16
VisualStudioVersion = 16.0.31410.357
MinimumVisualStudioVersion = 10.0.40219.1
Project("{FAE04EC0-301F-11D3-BF4B-00C04F79EFBC}") = "TechnicalTestGoogleApi", "TechnicalTestGoogleApi\TechnicalTestGoogleApi.csproj", "{64D82B6C-D81A-44BC-A2ED-2F19539F7153}"
EndProject
Project("{FAE04EC0-301F-11D3-BF4B-00C04F79EFBC}") = "Contracts", "Contracts\Contracts.csproj", "{C1593322-B5E0-4B37-AF03-A4CBC99D60B4}"
EndProject
Project("{FAE04EC0-301F-11D3-BF4B-00C04F79EFBC}") = "Data", "Data\Data.csproj", "{1A82157B-5638-4169-AAD7-6970978EB831}"
EndProject
Project("{FAE04EC0-301F-11D3-BF4B-00C04F79EFBC}") = "Repository", "Repository\Repository.csproj", "{3A536847-C2CE-4DF0-A9CF-6EF16A923D40}"
EndProject
Global
	GlobalSection(SolutionConfigurationPlatforms) = preSolution
		Debug|Any CPU = Debug|Any CPU
		Release|Any CPU = Release|Any CPU
	EndGlobalSection
	GlobalSection(ProjectConfigurationPlatforms) = postSolution
		{64D82B6C-D81A-44BC-A2ED-2F19539F7153}.Debug|Any CPU.ActiveCfg = Debug|Any CPU
		{64D82B6C-D81A-44BC-A2ED-2F19539F7153}.Debug|Any CPU.Build.0 = Debug|Any CPU
		{64D82B6C-D81A-44BC-A2ED-2F19539F7153}.Release|Any CPU.ActiveCfg = Release|Any CPU
		{64D82B6C-D81A-44BC-A2ED-2F19539F7153}.Release|Any CPU.Build.0 = Release|Any CPU
		{C1593322-B5E0-4B37-AF03-A4CBC99D60B4}.Debug|Any CPU.ActiveCfg = Debug|Any CPU
		{C1593322-B5E0-4B37-AF03-A4CBC99D60B4}.Debug|Any CPU.Build.0 = Debug|Any CPU
		{C1593322-B5E0-4B37-AF03-A4CBC99D60B4}.Release|Any CPU.ActiveCfg = Release|Any CPU
		{C1593322-B5E0-4B37-AF03-A4CBC99D60B4}.Release|Any CPU.Build.0 = Release|Any CPU
		{1A82157B-5638-4169-AAD7-6970978EB831}.Debug|Any CPU.ActiveCfg = Debug|Any CPU
		{1A82157B-5638-4169-AAD7-6970978EB831}.Debug|Any CPU.Build.0 = Debug|Any CPU
		{1A82157B-5638-4169-AAD7-6970978EB831}.Release|Any CPU.ActiveCfg = Release|Any CPU
		{1A82157B-5638-4169-AAD7-6970978EB831}.Release|Any CPU.Build.0 = Release|Any CPU
		{3A536847-C2CE-4DF0-A9CF-6EF16A923D40}.Debug|Any CPU.ActiveCfg = Debug|Any CPU
		{3A536847-C2CE-4DF0-A9CF-6EF16A923D40}.Debug|Any CPU.Build.0 = Debug|Any CPU
		{3A536847-C2CE-4DF0-A9CF-6EF16A923D40}.Release|Any CPU.ActiveCfg = Release|Any CPU
		{3A536847-C2CE-4DF0-A9CF-6EF16A923D40}.Release|Any CPU.Build.0 = Release|Any CPU
	EndGlobalSection
	GlobalSection(SolutionProperties) = preSolution
		HideSolutionNode = FALSE
	EndGlobalSection
	GlobalSection(ExtensibilityGlobals) = postSolution
		SolutionGuid = {8AC5BE5C-5DD3-454B-A141-711A3FE8CC2C}
	EndGlobalSection
EndGlobal
